Microsoft Visual Studio Solution File, Format Version 9.00
# Visual C++ Express 2005
Project("{8BC9CEB8-8B4A-11D0-8D11-00A0C91BC942}") = "libtwigg", "libtwigg.vcproj", "{187F82BD-84C0-4F48-BF42-66CB9FF8DD21}"
EndProject
Global
	GlobalSection(SolutionConfigurationPlatforms) = preSolution
		Debug|Win32 = Debug|Win32
		Release|Win32 = Release|Win32
	EndGlobalSection
	GlobalSection(ProjectConfigurationPlatforms) = postSolution
		{187F82BD-84C0-4F48-BF42-66CB9FF8DD21}.Debug|Win32.ActiveCfg = Debug|Win32
		{187F82BD-84C0-4F48-BF42-66CB9FF8DD21}.Debug|Win32.Build.0 = Debug|Win32
		{187F82BD-84C0-4F48-BF42-66CB9FF8DD21}.Release|Win32.ActiveCfg = Release|Win32
		{187F82BD-84C0-4F48-BF42-66CB9FF8DD21}.Release|Win32.Build.0 = Release|Win32
	EndGlobalSection
	GlobalSection(SolutionProperties) = preSolution
		HideSolutionNode = FALSE
	EndGlobalSection
EndGlobal
